
Microsoft Visual Studio Solution File, Format Version 12.00
# Visual Studio Version 17
VisualStudioVersion = 17.1.32414.318
MinimumVisualStudioVersion = 10.0.40219.1
Project("{9A19103F-16F7-4668-BE54-9A1E7A4F7556}") = "OrionTek", "OrionTek\OrionTek.csproj", "{A50112A3-9228-47E6-8BE0-80A2497E48CA}"
EndProject
Global
	GlobalSection(SolutionConfigurationPlatforms) = preSolution
		Debug|Any CPU = Debug|Any CPU
		Release|Any CPU = Release|Any CPU
	EndGlobalSection
	GlobalSection(ProjectConfigurationPlatforms) = postSolution
		{A50112A3-9228-47E6-8BE0-80A2497E48CA}.Debug|Any CPU.ActiveCfg = Debug|Any CPU
		{A50112A3-9228-47E6-8BE0-80A2497E48CA}.Debug|Any CPU.Build.0 = Debug|Any CPU
		{A50112A3-9228-47E6-8BE0-80A2497E48CA}.Release|Any CPU.ActiveCfg = Release|Any CPU
		{A50112A3-9228-47E6-8BE0-80A2497E48CA}.Release|Any CPU.Build.0 = Release|Any CPU
	EndGlobalSection
	GlobalSection(SolutionProperties) = preSolution
		HideSolutionNode = FALSE
	EndGlobalSection
	GlobalSection(ExtensibilityGlobals) = postSolution
		SolutionGuid = {9E856737-7712-4757-9AEA-97872936E5B1}
	EndGlobalSection
EndGlobal
